
Microsoft Visual Studio Solution File, Format Version 12.00
# Visual Studio Version 17
VisualStudioVersion = 17.2.32519.379
MinimumVisualStudioVersion = 10.0.40219.1
Project("{FAE04EC0-301F-11D3-BF4B-00C04F79EFBC}") = "SelfCare", "SelfCare\SelfCare.csproj", "{56DC85FB-A606-497A-B857-82AD010C7292}"
EndProject
Global
	GlobalSection(SolutionConfigurationPlatforms) = preSolution
		Debug|Any CPU = Debug|Any CPU
		Release|Any CPU = Release|Any CPU
	EndGlobalSection
	GlobalSection(ProjectConfigurationPlatforms) = postSolution
		{56DC85FB-A606-497A-B857-82AD010C7292}.Debug|Any CPU.ActiveCfg = Debug|Any CPU
		{56DC85FB-A606-497A-B857-82AD010C7292}.Debug|Any CPU.Build.0 = Debug|Any CPU
		{56DC85FB-A606-497A-B857-82AD010C7292}.Release|Any CPU.ActiveCfg = Release|Any CPU
		{56DC85FB-A606-497A-B857-82AD010C7292}.Release|Any CPU.Build.0 = Release|Any CPU
	EndGlobalSection
	GlobalSection(SolutionProperties) = preSolution
		HideSolutionNode = FALSE
	EndGlobalSection
	GlobalSection(ExtensibilityGlobals) = postSolution
		SolutionGuid = {90A058FB-55B5-4570-8A50-213402437FF0}
	EndGlobalSection
EndGlobal
